
Microsoft Visual Studio Solution File, Format Version 11.00
# Visual Studio 2010
Project("{FAE04EC0-301F-11D3-BF4B-00C04F79EFBC}") = "SteamVR", "SteamVR.csproj", "{6825540E-25D3-2270-E4E4-0E8E9C752974}"
EndProject
Project("{FAE04EC0-301F-11D3-BF4B-00C04F79EFBC}") = "Assembly-CSharp", "Assembly-CSharp.csproj", "{0D3DA77F-D4EE-4CEF-9C65-0ED7112FE020}"
EndProject
Project("{FAE04EC0-301F-11D3-BF4B-00C04F79EFBC}") = "SteamVR_Actions", "SteamVR_Actions.csproj", "{B69DC0FF-D20D-0E52-0C8F-8B5F0A95CCD6}"
EndProject
Project("{FAE04EC0-301F-11D3-BF4B-00C04F79EFBC}") = "SteamVR_Editor", "SteamVR_Editor.csproj", "{E73684CB-340D-FEF0-B4CF-984D0FEF2006}"
EndProject
Project("{FAE04EC0-301F-11D3-BF4B-00C04F79EFBC}") = "Assembly-CSharp-Editor", "Assembly-CSharp-Editor.csproj", "{883D3FF1-2F0D-2988-3DF5-18FC1A893965}"
EndProject
Project("{FAE04EC0-301F-11D3-BF4B-00C04F79EFBC}") = "SteamVR_Input_Editor", "SteamVR_Input_Editor.csproj", "{0948E542-DD43-FBDA-58C0-991FAEC9D8B7}"
EndProject
Project("{FAE04EC0-301F-11D3-BF4B-00C04F79EFBC}") = "SteamVR_Windows_EditorHelper", "SteamVR_Windows_EditorHelper.csproj", "{F5A38ED9-33B9-69D3-531E-067957D42E25}"
EndProject
Global
	GlobalSection(SolutionConfigurationPlatforms) = preSolution
		Debug|Any CPU = Debug|Any CPU
		Release|Any CPU = Release|Any CPU
	EndGlobalSection
	GlobalSection(ProjectConfigurationPlatforms) = postSolution
		{6825540E-25D3-2270-E4E4-0E8E9C752974}.Debug|Any CPU.ActiveCfg = Debug|Any CPU
		{6825540E-25D3-2270-E4E4-0E8E9C752974}.Debug|Any CPU.Build.0 = Debug|Any CPU
		{6825540E-25D3-2270-E4E4-0E8E9C752974}.Release|Any CPU.ActiveCfg = Release|Any CPU
		{6825540E-25D3-2270-E4E4-0E8E9C752974}.Release|Any CPU.Build.0 = Release|Any CPU
		{0D3DA77F-D4EE-4CEF-9C65-0ED7112FE020}.Debug|Any CPU.ActiveCfg = Debug|Any CPU
		{0D3DA77F-D4EE-4CEF-9C65-0ED7112FE020}.Debug|Any CPU.Build.0 = Debug|Any CPU
		{0D3DA77F-D4EE-4CEF-9C65-0ED7112FE020}.Release|Any CPU.ActiveCfg = Release|Any CPU
		{0D3DA77F-D4EE-4CEF-9C65-0ED7112FE020}.Release|Any CPU.Build.0 = Release|Any CPU
		{B69DC0FF-D20D-0E52-0C8F-8B5F0A95CCD6}.Debug|Any CPU.ActiveCfg = Debug|Any CPU
		{B69DC0FF-D20D-0E52-0C8F-8B5F0A95CCD6}.Debug|Any CPU.Build.0 = Debug|Any CPU
		{B69DC0FF-D20D-0E52-0C8F-8B5F0A95CCD6}.Release|Any CPU.ActiveCfg = Release|Any CPU
		{B69DC0FF-D20D-0E52-0C8F-8B5F0A95CCD6}.Release|Any CPU.Build.0 = Release|Any CPU
		{E73684CB-340D-FEF0-B4CF-984D0FEF2006}.Debug|Any CPU.ActiveCfg = Debug|Any CPU
		{E73684CB-340D-FEF0-B4CF-984D0FEF2006}.Debug|Any CPU.Build.0 = Debug|Any CPU
		{E73684CB-340D-FEF0-B4CF-984D0FEF2006}.Release|Any CPU.ActiveCfg = Release|Any CPU
		{E73684CB-340D-FEF0-B4CF-984D0FEF2006}.Release|Any CPU.Build.0 = Release|Any CPU
		{883D3FF1-2F0D-2988-3DF5-18FC1A893965}.Debug|Any CPU.ActiveCfg = Debug|Any CPU
		{883D3FF1-2F0D-2988-3DF5-18FC1A893965}.Debug|Any CPU.Build.0 = Debug|Any CPU
		{883D3FF1-2F0D-2988-3DF5-18FC1A893965}.Release|Any CPU.ActiveCfg = Release|Any CPU
		{883D3FF1-2F0D-2988-3DF5-18FC1A893965}.Release|Any CPU.Build.0 = Release|Any CPU
		{0948E542-DD43-FBDA-58C0-991FAEC9D8B7}.Debug|Any CPU.ActiveCfg = Debug|Any CPU
		{0948E542-DD43-FBDA-58C0-991FAEC9D8B7}.Debug|Any CPU.Build.0 = Debug|Any CPU
		{0948E542-DD43-FBDA-58C0-991FAEC9D8B7}.Release|Any CPU.ActiveCfg = Release|Any CPU
		{0948E542-DD43-FBDA-58C0-991FAEC9D8B7}.Release|Any CPU.Build.0 = Release|Any CPU
		{F5A38ED9-33B9-69D3-531E-067957D42E25}.Debug|Any CPU.ActiveCfg = Debug|Any CPU
		{F5A38ED9-33B9-69D3-531E-067957D42E25}.Debug|Any CPU.Build.0 = Debug|Any CPU
		{F5A38ED9-33B9-69D3-531E-067957D42E25}.Release|Any CPU.ActiveCfg = Release|Any CPU
		{F5A38ED9-33B9-69D3-531E-067957D42E25}.Release|Any CPU.Build.0 = Release|Any CPU
	EndGlobalSection
	GlobalSection(SolutionProperties) = preSolution
		HideSolutionNode = FALSE
	EndGlobalSection
	GlobalSection(MonoDevelopProperties) = preSolution
		StartupItem = Assembly-CSharp.csproj
	EndGlobalSection
EndGlobal
